
Microsoft Visual Studio Solution File, Format Version 12.00
# Visual Studio Version 17
VisualStudioVersion = 17.5.33516.290
MinimumVisualStudioVersion = 10.0.40219.1
Project("{FAE04EC0-301F-11D3-BF4B-00C04F79EFBC}") = "WebApplication3", "WebApplication3\WebApplication3.csproj", "{AA627DEF-ADFC-4B38-B706-2D1126DAE75A}"
EndProject
Global
	GlobalSection(SolutionConfigurationPlatforms) = preSolution
		Debug|Any CPU = Debug|Any CPU
		Release|Any CPU = Release|Any CPU
	EndGlobalSection
	GlobalSection(ProjectConfigurationPlatforms) = postSolution
		{AA627DEF-ADFC-4B38-B706-2D1126DAE75A}.Debug|Any CPU.ActiveCfg = Debug|Any CPU
		{AA627DEF-ADFC-4B38-B706-2D1126DAE75A}.Debug|Any CPU.Build.0 = Debug|Any CPU
		{AA627DEF-ADFC-4B38-B706-2D1126DAE75A}.Release|Any CPU.ActiveCfg = Release|Any CPU
		{AA627DEF-ADFC-4B38-B706-2D1126DAE75A}.Release|Any CPU.Build.0 = Release|Any CPU
	EndGlobalSection
	GlobalSection(SolutionProperties) = preSolution
		HideSolutionNode = FALSE
	EndGlobalSection
	GlobalSection(ExtensibilityGlobals) = postSolution
		SolutionGuid = {4142BE21-E405-45DD-98B5-3D48D6BF5A43}
	EndGlobalSection
EndGlobal
